
Microsoft Visual Studio Solution File, Format Version 12.00
# Visual Studio Version 17
VisualStudioVersion = 17.14.36414.22 d17.14
MinimumVisualStudioVersion = 10.0.40219.1
Project("{FAE04EC0-301F-11D3-BF4B-00C04F79EFBC}") = "WarehouseGallery", "WarehouseGallery.csproj", "{BB0A1C58-BF0E-4E9C-AAE7-238699518785}"
EndProject
Global
	GlobalSection(SolutionConfigurationPlatforms) = preSolution
		Debug|Any CPU = Debug|Any CPU
		Release|Any CPU = Release|Any CPU
	EndGlobalSection
	GlobalSection(ProjectConfigurationPlatforms) = postSolution
		{BB0A1C58-BF0E-4E9C-AAE7-238699518785}.Debug|Any CPU.ActiveCfg = Debug|Any CPU
		{BB0A1C58-BF0E-4E9C-AAE7-238699518785}.Debug|Any CPU.Build.0 = Debug|Any CPU
		{BB0A1C58-BF0E-4E9C-AAE7-238699518785}.Release|Any CPU.ActiveCfg = Release|Any CPU
		{BB0A1C58-BF0E-4E9C-AAE7-238699518785}.Release|Any CPU.Build.0 = Release|Any CPU
	EndGlobalSection
	GlobalSection(SolutionProperties) = preSolution
		HideSolutionNode = FALSE
	EndGlobalSection
	GlobalSection(ExtensibilityGlobals) = postSolution
		SolutionGuid = {5232BB52-A733-4492-A08A-23E09227FC54}
	EndGlobalSection
EndGlobal
